// !$*UTF8*$!
{
	archiveVersion = 1;
	classes = {
	};
	objectVersion = 50;
	objects = {

/* Begin PBXBuildFile section */
		F22CB70B217B1FD600D1565D /* main.m in Sources */ = {isa = PBXBuildFile; fileRef = F22CB70A217B1FD600D1565D /* main.m */; };
		F22CB714217B239300D1565D /* LMPTOMLSerialization.mm in Sources */ = {isa = PBXBuildFile; fileRef = F22CB713217B239300D1565D /* LMPTOMLSerialization.mm */; };
/* End PBXBuildFile section */

/* Begin PBXCopyFilesBuildPhase section */
		F22CB705217B1FD600D1565D /* CopyFiles */ = {
			isa = PBXCopyFilesBuildPhase;
			buildActionMask = 2147483647;
			dstPath = /usr/share/man/man1/;
			dstSubfolderSpec = 0;
			files = (
			);
			runOnlyForDeploymentPostprocessing = 1;
		};
/* End PBXCopyFilesBuildPhase section */

/* Begin PBXFileReference section */
		F22CB707217B1FD600D1565D /* tomlutil */ = {isa = PBXFileReference; explicitFileType = "compiled.mach-o.executable"; includeInIndex = 0; path = tomlutil; sourceTree = BUILT_PRODUCTS_DIR; };
		F22CB70A217B1FD600D1565D /* main.m */ = {isa = PBXFileReference; fileEncoding = 4; lastKnownFileType = sourcecode.c.objc; path = main.m; sourceTree = "<group>"; };
		F22CB712217B239300D1565D /* LMPTOMLSerialization.h */ = {isa = PBXFileReference; lastKnownFileType = sourcecode.c.h; path = LMPTOMLSerialization.h; sourceTree = "<group>"; };
		F22CB713217B239300D1565D /* LMPTOMLSerialization.mm */ = {isa = PBXFileReference; lastKnownFileType = sourcecode.cpp.objcpp; path = LMPTOMLSerialization.mm; sourceTree = "<group>"; };
		F23131842663608400AFE2BA /* toml.hpp */ = {isa = PBXFileReference; lastKnownFileType = sourcecode.cpp.h; name = toml.hpp; path = submodules/toml11/toml.hpp; sourceTree = SOURCE_ROOT; };
		F2657CF126F4D26B00C279B9 /* tomlutil */ = {isa = PBXFileReference; lastKnownFileType = text; path = tomlutil; sourceTree = BUILT_PRODUCTS_DIR; };
		F2962202217F303B00C44751 /* Info.plist */ = {isa = PBXFileReference; lastKnownFileType = text.plist.xml; path = Info.plist; sourceTree = "<group>"; };
		F2BC7534217B44D10056FAED /* LMP_toml_visitors.h */ = {isa = PBXFileReference; lastKnownFileType = sourcecode.c.h; path = LMP_toml_visitors.h; sourceTree = "<group>"; };
		F2FAE3732663A3DC0080F81A /* region.hpp */ = {isa = PBXFileReference; lastKnownFileType = sourcecode.cpp.h; path = region.hpp; sourceTree = "<group>"; };
		F2FAE3742663A3DC0080F81A /* datetime.hpp */ = {isa = PBXFileReference; lastKnownFileType = sourcecode.cpp.h; path = datetime.hpp; sourceTree = "<group>"; };
		F2FAE3752663A3DC0080F81A /* serializer.hpp */ = {isa = PBXFileReference; lastKnownFileType = sourcecode.cpp.h; path = serializer.hpp; sourceTree = "<group>"; };
		F2FAE3762663A3DC0080F81A /* utility.hpp */ = {isa = PBXFileReference; lastKnownFileType = sourcecode.cpp.h; path = utility.hpp; sourceTree = "<group>"; };
		F2FAE3772663A3DC0080F81A /* get.hpp */ = {isa = PBXFileReference; lastKnownFileType = sourcecode.cpp.h; path = get.hpp; sourceTree = "<group>"; };
		F2FAE3782663A3DC0080F81A /* parser.hpp */ = {isa = PBXFileReference; lastKnownFileType = sourcecode.cpp.h; path = parser.hpp; sourceTree = "<group>"; };
		F2FAE3792663A3DC0080F81A /* literal.hpp */ = {isa = PBXFileReference; lastKnownFileType = sourcecode.cpp.h; path = literal.hpp; sourceTree = "<group>"; };
		F2FAE37A2663A3DC0080F81A /* macros.hpp */ = {isa = PBXFileReference; lastKnownFileType = sourcecode.cpp.h; path = macros.hpp; sourceTree = "<group>"; };
		F2FAE37B2663A3DC0080F81A /* traits.hpp */ = {isa = PBXFileReference; lastKnownFileType = sourcecode.cpp.h; path = traits.hpp; sourceTree = "<group>"; };
		F2FAE37C2663A3DC0080F81A /* comments.hpp */ = {isa = PBXFileReference; lastKnownFileType = sourcecode.cpp.h; path = comments.hpp; sourceTree = "<group>"; };
		F2FAE37D2663A3DC0080F81A /* source_location.hpp */ = {isa = PBXFileReference; lastKnownFileType = sourcecode.cpp.h; path = source_location.hpp; sourceTree = "<group>"; };
		F2FAE37E2663A3DC0080F81A /* combinator.hpp */ = {isa = PBXFileReference; lastKnownFileType = sourcecode.cpp.h; path = combinator.hpp; sourceTree = "<group>"; };
		F2FAE37F2663A3DC0080F81A /* value.hpp */ = {isa = PBXFileReference; lastKnownFileType = sourcecode.cpp.h; path = value.hpp; sourceTree = "<group>"; };
		F2FAE3802663A3DC0080F81A /* from.hpp */ = {isa = PBXFileReference; lastKnownFileType = sourcecode.cpp.h; path = from.hpp; sourceTree = "<group>"; };
		F2FAE3812663A3DC0080F81A /* result.hpp */ = {isa = PBXFileReference; lastKnownFileType = sourcecode.cpp.h; path = result.hpp; sourceTree = "<group>"; };
		F2FAE3822663A3DC0080F81A /* into.hpp */ = {isa = PBXFileReference; lastKnownFileType = sourcecode.cpp.h; path = into.hpp; sourceTree = "<group>"; };
		F2FAE3832663A3DC0080F81A /* lexer.hpp */ = {isa = PBXFileReference; lastKnownFileType = sourcecode.cpp.h; path = lexer.hpp; sourceTree = "<group>"; };
		F2FAE3842663A3DC0080F81A /* string.hpp */ = {isa = PBXFileReference; lastKnownFileType = sourcecode.cpp.h; path = string.hpp; sourceTree = "<group>"; };
		F2FAE3852663A3DC0080F81A /* storage.hpp */ = {isa = PBXFileReference; lastKnownFileType = sourcecode.cpp.h; path = storage.hpp; sourceTree = "<group>"; };
		F2FAE3862663A3DC0080F81A /* color.hpp */ = {isa = PBXFileReference; lastKnownFileType = sourcecode.cpp.h; path = color.hpp; sourceTree = "<group>"; };
		F2FAE3872663A3DC0080F81A /* types.hpp */ = {isa = PBXFileReference; lastKnownFileType = sourcecode.cpp.h; path = types.hpp; sourceTree = "<group>"; };
		F2FAE3882663A3DC0080F81A /* exception.hpp */ = {isa = PBXFileReference; lastKnownFileType = sourcecode.cpp.h; path = exception.hpp; sourceTree = "<group>"; };
/* End PBXFileReference section */

/* Begin PBXFrameworksBuildPhase section */
		F22CB704217B1FD600D1565D /* Frameworks */ = {
			isa = PBXFrameworksBuildPhase;
			buildActionMask = 2147483647;
			files = (
			);
			runOnlyForDeploymentPostprocessing = 0;
		};
/* End PBXFrameworksBuildPhase section */

/* Begin PBXGroup section */
		F22CB6FE217B1FD600D1565D = {
			isa = PBXGroup;
			children = (
				F22CB709217B1FD600D1565D /* tomlutil */,
				F22CB708217B1FD600D1565D /* Products */,
			);
			sourceTree = "<group>";
		};
		F22CB708217B1FD600D1565D /* Products */ = {
			isa = PBXGroup;
			children = (
				F22CB707217B1FD600D1565D /* tomlutil */,
			);
			name = Products;
			sourceTree = "<group>";
		};
		F22CB709217B1FD600D1565D /* tomlutil */ = {
			isa = PBXGroup;
			children = (
				F22CB70A217B1FD600D1565D /* main.m */,
				F22CB712217B239300D1565D /* LMPTOMLSerialization.h */,
				F22CB713217B239300D1565D /* LMPTOMLSerialization.mm */,
				F2BC7534217B44D10056FAED /* LMP_toml_visitors.h */,
				F23131842663608400AFE2BA /* toml.hpp */,
				F2FAE3722663A3DC0080F81A /* toml */,
				F2962202217F303B00C44751 /* Info.plist */,
				F2657CF026F4D24E00C279B9 /* Products */,
			);
			path = tomlutil;
			sourceTree = "<group>";
		};
		F2657CF026F4D24E00C279B9 /* Products */ = {
			isa = PBXGroup;
			children = (
				F2657CF126F4D26B00C279B9 /* tomlutil */,
			);
			name = Products;
			sourceTree = "<group>";
		};
		F2FAE3722663A3DC0080F81A /* toml */ = {
			isa = PBXGroup;
			children = (
				F2FAE3732663A3DC0080F81A /* region.hpp */,
				F2FAE3742663A3DC0080F81A /* datetime.hpp */,
				F2FAE3752663A3DC0080F81A /* serializer.hpp */,
				F2FAE3762663A3DC0080F81A /* utility.hpp */,
				F2FAE3772663A3DC0080F81A /* get.hpp */,
				F2FAE3782663A3DC0080F81A /* parser.hpp */,
				F2FAE3792663A3DC0080F81A /* literal.hpp */,
				F2FAE37A2663A3DC0080F81A /* macros.hpp */,
				F2FAE37B2663A3DC0080F81A /* traits.hpp */,
				F2FAE37C2663A3DC0080F81A /* comments.hpp */,
				F2FAE37D2663A3DC0080F81A /* source_location.hpp */,
				F2FAE37E2663A3DC0080F81A /* combinator.hpp */,
				F2FAE37F2663A3DC0080F81A /* value.hpp */,
				F2FAE3802663A3DC0080F81A /* from.hpp */,
				F2FAE3812663A3DC0080F81A /* result.hpp */,
				F2FAE3822663A3DC0080F81A /* into.hpp */,
				F2FAE3832663A3DC0080F81A /* lexer.hpp */,
				F2FAE3842663A3DC0080F81A /* string.hpp */,
				F2FAE3852663A3DC0080F81A /* storage.hpp */,
				F2FAE3862663A3DC0080F81A /* color.hpp */,
				F2FAE3872663A3DC0080F81A /* types.hpp */,
				F2FAE3882663A3DC0080F81A /* exception.hpp */,
			);
			name = toml;
			path = submodules/toml11/toml;
			sourceTree = SOURCE_ROOT;
		};
/* End PBXGroup section */

/* Begin PBXNativeTarget section */
		F22CB706217B1FD600D1565D /* tomlutil */ = {
			isa = PBXNativeTarget;
			buildConfigurationList = F22CB70E217B1FD600D1565D /* Build configuration list for PBXNativeTarget "tomlutil" */;
			buildPhases = (
				F22CB703217B1FD600D1565D /* Sources */,
				F22CB704217B1FD600D1565D /* Frameworks */,
				F22CB705217B1FD600D1565D /* CopyFiles */,
			);
			buildRules = (
			);
			dependencies = (
			);
			name = tomlutil;
			productName = tomlutil;
			productReference = F22CB707217B1FD600D1565D /* tomlutil */;
			productType = "com.apple.product-type.tool";
		};
/* End PBXNativeTarget section */

/* Begin PBXProject section */
		F22CB6FF217B1FD600D1565D /* Project object */ = {
			isa = PBXProject;
			attributes = {
				LastUpgradeCheck = 1300;
				ORGANIZATIONNAME = "Lone Monkey Productions";
				TargetAttributes = {
					F22CB706217B1FD600D1565D = {
						CreatedOnToolsVersion = 10.0;
					};
				};
			};
			buildConfigurationList = F22CB702217B1FD600D1565D /* Build configuration list for PBXProject "tomlutil" */;
			compatibilityVersion = "Xcode 9.3";
			developmentRegion = en;
			hasScannedForEncodings = 0;
			knownRegions = (
				en,
			);
			mainGroup = F22CB6FE217B1FD600D1565D;
			productRefGroup = F22CB708217B1FD600D1565D /* Products */;
			projectDirPath = "";
			projectRoot = "";
			targets = (
				F22CB706217B1FD600D1565D /* tomlutil */,
			);
		};
/* End PBXProject section */

/* Begin PBXSourcesBuildPhase section */
		F22CB703217B1FD600D1565D /* Sources */ = {
			isa = PBXSourcesBuildPhase;
			buildActionMask = 2147483647;
			files = (
				F22CB714217B239300D1565D /* LMPTOMLSerialization.mm in Sources */,
				F22CB70B217B1FD600D1565D /* main.m in Sources */,
			);
			runOnlyForDeploymentPostprocessing = 0;
		};
/* End PBXSourcesBuildPhase section */

/* Begin XCBuildConfiguration section */
		F22CB70C217B1FD600D1565D /* Debug */ = {
			isa = XCBuildConfiguration;
			buildSettings = {
				ALWAYS_SEARCH_USER_PATHS = NO;
				CLANG_ANALYZER_NONNULL = YES;
				CLANG_ANALYZER_NUMBER_OBJECT_CONVERSION = YES_AGGRESSIVE;
				CLANG_CXX_LANGUAGE_STANDARD = "gnu++17";
				CLANG_CXX_LIBRARY = "libc++";
				CLANG_ENABLE_MODULES = YES;
				CLANG_ENABLE_OBJC_ARC = YES;
				CLANG_ENABLE_OBJC_WEAK = YES;
				CLANG_WARN_BLOCK_CAPTURE_AUTORELEASING = YES;
				CLANG_WARN_BOOL_CONVERSION = YES;
				CLANG_WARN_COMMA = YES;
				CLANG_WARN_CONSTANT_CONVERSION = YES;
				CLANG_WARN_DEPRECATED_OBJC_IMPLEMENTATIONS = YES;
				CLANG_WARN_DIRECT_OBJC_ISA_USAGE = YES_ERROR;
				CLANG_WARN_DOCUMENTATION_COMMENTS = YES;
				CLANG_WARN_EMPTY_BODY = YES;
				CLANG_WARN_ENUM_CONVERSION = YES;
				CLANG_WARN_INFINITE_RECURSION = YES;
				CLANG_WARN_INT_CONVERSION = YES;
				CLANG_WARN_NON_LITERAL_NULL_CONVERSION = YES;
				CLANG_WARN_OBJC_IMPLICIT_RETAIN_SELF = YES;
				CLANG_WARN_OBJC_LITERAL_CONVERSION = YES;
				CLANG_WARN_OBJC_ROOT_CLASS = YES_ERROR;
				CLANG_WARN_RANGE_LOOP_ANALYSIS = YES;
				CLANG_WARN_STRICT_PROTOTYPES = YES;
				CLANG_WARN_SUSPICIOUS_MOVE = YES;
				CLANG_WARN_UNGUARDED_AVAILABILITY = YES_AGGRESSIVE;
				CLANG_WARN_UNREACHABLE_CODE = YES;
				CLANG_WARN__DUPLICATE_METHOD_MATCH = YES;
				CODE_SIGN_IDENTITY = "-";
				COPY_PHASE_STRIP = NO;
				DEBUG_INFORMATION_FORMAT = dwarf;
				ENABLE_STRICT_OBJC_MSGSEND = YES;
				ENABLE_TESTABILITY = YES;
				GCC_C_LANGUAGE_STANDARD = gnu11;
				GCC_DYNAMIC_NO_PIC = NO;
				GCC_NO_COMMON_BLOCKS = YES;
				GCC_OPTIMIZATION_LEVEL = 0;
				GCC_PREPROCESSOR_DEFINITIONS = (
					"DEBUG=1",
					"$(inherited)",
				);
				GCC_WARN_64_TO_32_BIT_CONVERSION = YES;
				GCC_WARN_ABOUT_RETURN_TYPE = YES_ERROR;
				GCC_WARN_UNDECLARED_SELECTOR = YES;
				GCC_WARN_UNINITIALIZED_AUTOS = YES_AGGRESSIVE;
				GCC_WARN_UNUSED_FUNCTION = YES;
				GCC_WARN_UNUSED_VARIABLE = YES;
				MACOSX_DEPLOYMENT_TARGET = 10.15;
				MTL_ENABLE_DEBUG_INFO = INCLUDE_SOURCE;
				MTL_FAST_MATH = YES;
				ONLY_ACTIVE_ARCH = YES;
				SDKROOT = macosx;
			};
			name = Debug;
		};
		F22CB70D217B1FD600D1565D /* Release */ = {
			isa = XCBuildConfiguration;
			buildSettings = {
				ALWAYS_SEARCH_USER_PATHS = NO;
				CLANG_ANALYZER_NONNULL = YES;
				CLANG_ANALYZER_NUMBER_OBJECT_CONVERSION = YES_AGGRESSIVE;
				CLANG_CXX_LANGUAGE_STANDARD = "gnu++17";
				CLANG_CXX_LIBRARY = "libc++";
				CLANG_ENABLE_MODULES = YES;
				CLANG_ENABLE_OBJC_ARC = YES;
				CLANG_ENABLE_OBJC_WEAK = YES;
				CLANG_WARN_BLOCK_CAPTURE_AUTORELEASING = YES;
				CLANG_WARN_BOOL_CONVERSION = YES;
				CLANG_WARN_COMMA = YES;
				CLANG_WARN_CONSTANT_CONVERSION = YES;
				CLANG_WARN_DEPRECATED_OBJC_IMPLEMENTATIONS = YES;
				CLANG_WARN_DIRECT_OBJC_ISA_USAGE = YES_ERROR;
				CLANG_WARN_DOCUMENTATION_COMMENTS = YES;
				CLANG_WARN_EMPTY_BODY = YES;
				CLANG_WARN_ENUM_CONVERSION = YES;
				CLANG_WARN_INFINITE_RECURSION = YES;
				CLANG_WARN_INT_CONVERSION = YES;
				CLANG_WARN_NON_LITERAL_NULL_CONVERSION = YES;
				CLANG_WARN_OBJC_IMPLICIT_RETAIN_SELF = YES;
				CLANG_WARN_OBJC_LITERAL_CONVERSION = YES;
				CLANG_WARN_OBJC_ROOT_CLASS = YES_ERROR;
				CLANG_WARN_RANGE_LOOP_ANALYSIS = YES;
				CLANG_WARN_STRICT_PROTOTYPES = YES;
				CLANG_WARN_SUSPICIOUS_MOVE = YES;
				CLANG_WARN_UNGUARDED_AVAILABILITY = YES_AGGRESSIVE;
				CLANG_WARN_UNREACHABLE_CODE = YES;
				CLANG_WARN__DUPLICATE_METHOD_MATCH = YES;
				CODE_SIGN_IDENTITY = "-";
				COPY_PHASE_STRIP = NO;
				DEBUG_INFORMATION_FORMAT = "dwarf-with-dsym";
				ENABLE_NS_ASSERTIONS = NO;
				ENABLE_STRICT_OBJC_MSGSEND = YES;
				GCC_C_LANGUAGE_STANDARD = gnu11;
				GCC_NO_COMMON_BLOCKS = YES;
				GCC_WARN_64_TO_32_BIT_CONVERSION = YES;
				GCC_WARN_ABOUT_RETURN_TYPE = YES_ERROR;
				GCC_WARN_UNDECLARED_SELECTOR = YES;
				GCC_WARN_UNINITIALIZED_AUTOS = YES_AGGRESSIVE;
				GCC_WARN_UNUSED_FUNCTION = YES;
				GCC_WARN_UNUSED_VARIABLE = YES;
				MACOSX_DEPLOYMENT_TARGET = 10.15;
				MTL_ENABLE_DEBUG_INFO = NO;
				MTL_FAST_MATH = YES;
				SDKROOT = macosx;
			};
			name = Release;
		};
		F22CB70F217B1FD600D1565D /* Debug */ = {
			isa = XCBuildConfiguration;
			buildSettings = {
				CODE_SIGN_STYLE = Automatic;
				CREATE_INFOPLIST_SECTION_IN_BINARY = YES;
				INFOPLIST_FILE = tomlutil/Info.plist;
				PRODUCT_BUNDLE_IDENTIFIER = productions.monkey.lone.tomlutil;
				PRODUCT_NAME = "$(TARGET_NAME)";
			};
			name = Debug;
		};
		F22CB710217B1FD600D1565D /* Release */ = {
			isa = XCBuildConfiguration;
			buildSettings = {
				CODE_SIGN_STYLE = Automatic;
				CREATE_INFOPLIST_SECTION_IN_BINARY = YES;
				INFOPLIST_FILE = tomlutil/Info.plist;
				PRODUCT_BUNDLE_IDENTIFIER = productions.monkey.lone.tomlutil;
				PRODUCT_NAME = "$(TARGET_NAME)";
			};
			name = Release;
		};
/* End XCBuildConfiguration section */

/* Begin XCConfigurationList section */
		F22CB702217B1FD600D1565D /* Build configuration list for PBXProject "tomlutil" */ = {
			isa = XCConfigurationList;
			buildConfigurations = (
				F22CB70C217B1FD600D1565D /* Debug */,
				F22CB70D217B1FD600D1565D /* Release */,
			);
			defaultConfigurationIsVisible = 0;
			defaultConfigurationName = Release;
		};
		F22CB70E217B1FD600D1565D /* Build configuration list for PBXNativeTarget "tomlutil" */ = {
			isa = XCConfigurationList;
			buildConfigurations = (
				F22CB70F217B1FD600D1565D /* Debug */,
				F22CB710217B1FD600D1565D /* Release */,
			);
			defaultConfigurationIsVisible = 0;
			defaultConfigurationName = Release;
		};
/* End XCConfigurationList section */
	};
	rootObject = F22CB6FF217B1FD600D1565D /* Project object */;
}
